{
  "version": 4,
  "terraform_version": "1.0.4",
  "serial": 3,
  "lineage": "b508bd36-1060-a735-c4d7-719c6b9df4a0",
  "outputs": {},
  "resources": [
    {
      "mode": "managed",
      "type": "aws_ecs_cluster",
      "name": "cluster",
      "provider": "provider[\"registry.terraform.io/hashicorp/aws\"]",
      "instances": [
        {
          "schema_version": 0,
          "attributes": {
            "arn": "arn:aws:ecs:us-west-1:397085766306:cluster/dev-Cluster",
            "capacity_providers": [
              "FARGATE",
              "FARGATE_SPOT"
            ],
            "default_capacity_provider_strategy": [
              {
                "base": 0,
                "capacity_provider": "FARGATE_SPOT",
                "weight": 60
              },
              {
                "base": 1,
                "capacity_provider": "FARGATE",
                "weight": 40
              }
            ],
            "id": "arn:aws:ecs:us-west-1:397085766306:cluster/dev-Cluster",
            "name": "dev-Cluster",
            "setting": [],
            "tags": {
              "env": "dev",
              "terraform": "true"
            }
          },
          "sensitive_attributes": [],
          "private": "bnVsbA=="
        }
      ]
    }
  ]
}
